
Microsoft Visual Studio Solution File, Format Version 10.00
# Visual Studio 2008
# SharpDevelop 3.0.0.3683
Project("{FAE04EC0-301F-11D3-BF4B-00C04F79EFBC}") = "WhileCompiler", "WhileCompiler.csproj", "{75CE5092-06DA-4E18-BE9D-376F4FB96027}"
EndProject
Project("{A33008B1-5DAC-44D5-9060-242E3B6E38F2}") = "WhileCompiler.Converted", "..\WhileCompiler.ConvertedToBoo\WhileCompiler.Converted.booproj", "{D243F6EE-514C-4A42-8968-6EA7B0FB27CB}"
EndProject
Global
	GlobalSection(SolutionConfigurationPlatforms) = preSolution
		Debug|Any CPU = Debug|Any CPU
		Release|Any CPU = Release|Any CPU
	EndGlobalSection
	GlobalSection(ProjectConfigurationPlatforms) = postSolution
		{75CE5092-06DA-4E18-BE9D-376F4FB96027}.Debug|Any CPU.ActiveCfg = Debug|Any CPU
		{75CE5092-06DA-4E18-BE9D-376F4FB96027}.Debug|Any CPU.Build.0 = Debug|Any CPU
		{75CE5092-06DA-4E18-BE9D-376F4FB96027}.Release|Any CPU.ActiveCfg = Release|Any CPU
		{75CE5092-06DA-4E18-BE9D-376F4FB96027}.Release|Any CPU.Build.0 = Release|Any CPU
		{D243F6EE-514C-4A42-8968-6EA7B0FB27CB}.Debug|Any CPU.Build.0 = Debug|Any CPU
		{D243F6EE-514C-4A42-8968-6EA7B0FB27CB}.Debug|Any CPU.ActiveCfg = Debug|Any CPU
		{D243F6EE-514C-4A42-8968-6EA7B0FB27CB}.Release|Any CPU.Build.0 = Release|Any CPU
		{D243F6EE-514C-4A42-8968-6EA7B0FB27CB}.Release|Any CPU.ActiveCfg = Release|Any CPU
	EndGlobalSection
	GlobalSection(SolutionProperties) = preSolution
		HideSolutionNode = FALSE
	EndGlobalSection
EndGlobal
