Microsoft Visual Studio Solution File, Format Version 10.00
# Visual Studio 2008
Project("{FAE04EC0-301F-11D3-BF4B-00C04F79EFBC}") = "CCS", "CCS\CCS.csproj", "{9A6B2AED-7E88-4EA4-B3F2-7E247EBAEA52}"
EndProject
Project("{FAE04EC0-301F-11D3-BF4B-00C04F79EFBC}") = "PLR", "PLR\PLR.csproj", "{C2BC567A-4740-4224-9CBA-8C2B527EBF83}"
EndProject
Project("{FAE04EC0-301F-11D3-BF4B-00C04F79EFBC}") = "CCS.External", "CCS.External\CCS.External.csproj", "{89C4D71B-770F-4506-9041-29C46EDC3B48}"
EndProject
Project("{FAE04EC0-301F-11D3-BF4B-00C04F79EFBC}") = "KLAIM.Runtime", "KLAIM.Runtime\KLAIM.Runtime.csproj", "{EE38DA60-6308-4298-A7C9-5E66B9640515}"
EndProject
Project("{FAE04EC0-301F-11D3-BF4B-00C04F79EFBC}") = "KLAIM", "KLAIM\KLAIM.csproj", "{BD33F5D2-72EC-4B9E-B4F5-1B9B85B4663E}"
EndProject
Global
	GlobalSection(SolutionConfigurationPlatforms) = preSolution
		Debug|Any CPU = Debug|Any CPU
		Release|Any CPU = Release|Any CPU
	EndGlobalSection
	GlobalSection(ProjectConfigurationPlatforms) = postSolution
		{9A6B2AED-7E88-4EA4-B3F2-7E247EBAEA52}.Debug|Any CPU.ActiveCfg = Debug|Any CPU
		{9A6B2AED-7E88-4EA4-B3F2-7E247EBAEA52}.Debug|Any CPU.Build.0 = Debug|Any CPU
		{9A6B2AED-7E88-4EA4-B3F2-7E247EBAEA52}.Release|Any CPU.ActiveCfg = Release|Any CPU
		{9A6B2AED-7E88-4EA4-B3F2-7E247EBAEA52}.Release|Any CPU.Build.0 = Release|Any CPU
		{C2BC567A-4740-4224-9CBA-8C2B527EBF83}.Debug|Any CPU.ActiveCfg = Debug|Any CPU
		{C2BC567A-4740-4224-9CBA-8C2B527EBF83}.Debug|Any CPU.Build.0 = Debug|Any CPU
		{C2BC567A-4740-4224-9CBA-8C2B527EBF83}.Release|Any CPU.ActiveCfg = Release|Any CPU
		{C2BC567A-4740-4224-9CBA-8C2B527EBF83}.Release|Any CPU.Build.0 = Release|Any CPU
		{89C4D71B-770F-4506-9041-29C46EDC3B48}.Debug|Any CPU.ActiveCfg = Debug|Any CPU
		{89C4D71B-770F-4506-9041-29C46EDC3B48}.Debug|Any CPU.Build.0 = Debug|Any CPU
		{89C4D71B-770F-4506-9041-29C46EDC3B48}.Release|Any CPU.ActiveCfg = Release|Any CPU
		{89C4D71B-770F-4506-9041-29C46EDC3B48}.Release|Any CPU.Build.0 = Release|Any CPU
		{EE38DA60-6308-4298-A7C9-5E66B9640515}.Debug|Any CPU.ActiveCfg = Debug|Any CPU
		{EE38DA60-6308-4298-A7C9-5E66B9640515}.Debug|Any CPU.Build.0 = Debug|Any CPU
		{EE38DA60-6308-4298-A7C9-5E66B9640515}.Release|Any CPU.ActiveCfg = Release|Any CPU
		{EE38DA60-6308-4298-A7C9-5E66B9640515}.Release|Any CPU.Build.0 = Release|Any CPU
		{BD33F5D2-72EC-4B9E-B4F5-1B9B85B4663E}.Debug|Any CPU.ActiveCfg = Debug|Any CPU
		{BD33F5D2-72EC-4B9E-B4F5-1B9B85B4663E}.Debug|Any CPU.Build.0 = Debug|Any CPU
		{BD33F5D2-72EC-4B9E-B4F5-1B9B85B4663E}.Release|Any CPU.ActiveCfg = Release|Any CPU
		{BD33F5D2-72EC-4B9E-B4F5-1B9B85B4663E}.Release|Any CPU.Build.0 = Release|Any CPU
	EndGlobalSection
	GlobalSection(SolutionProperties) = preSolution
		HideSolutionNode = FALSE
	EndGlobalSection
EndGlobal
